
Microsoft Visual Studio Solution File, Format Version 12.00
# Visual Studio Version 17
VisualStudioVersion = 17.1.32210.238
MinimumVisualStudioVersion = 10.0.40219.1
Project("{FAE04EC0-301F-11D3-BF4B-00C04F79EFBC}") = "ScreenScraperFR", "ScreenScraperFR\ScreenScraperFR.csproj", "{8D28931C-5DAD-177D-4CEB-605DC93A8667}"
EndProject
Project("{FAE04EC0-301F-11D3-BF4B-00C04F79EFBC}") = "ScreenScraperFR.Test", "ScreenScraperFR.Test\ScreenScraperFR.Test.csproj", "{F522F7C3-1474-CC87-6543-5756B23C3522}"
EndProject
Global
	GlobalSection(SolutionConfigurationPlatforms) = preSolution
		Debug|Any CPU = Debug|Any CPU
		Release|Any CPU = Release|Any CPU
	EndGlobalSection
	GlobalSection(ProjectConfigurationPlatforms) = postSolution
		{8D28931C-5DAD-177D-4CEB-605DC93A8667}.Debug|Any CPU.ActiveCfg = Debug|Any CPU
		{8D28931C-5DAD-177D-4CEB-605DC93A8667}.Debug|Any CPU.Build.0 = Debug|Any CPU
		{8D28931C-5DAD-177D-4CEB-605DC93A8667}.Release|Any CPU.ActiveCfg = Release|Any CPU
		{8D28931C-5DAD-177D-4CEB-605DC93A8667}.Release|Any CPU.Build.0 = Release|Any CPU
		{F522F7C3-1474-CC87-6543-5756B23C3522}.Debug|Any CPU.ActiveCfg = Debug|Any CPU
		{F522F7C3-1474-CC87-6543-5756B23C3522}.Debug|Any CPU.Build.0 = Debug|Any CPU
		{F522F7C3-1474-CC87-6543-5756B23C3522}.Release|Any CPU.ActiveCfg = Release|Any CPU
		{F522F7C3-1474-CC87-6543-5756B23C3522}.Release|Any CPU.Build.0 = Release|Any CPU
	EndGlobalSection
	GlobalSection(SolutionProperties) = preSolution
		HideSolutionNode = FALSE
	EndGlobalSection
	GlobalSection(ExtensibilityGlobals) = postSolution
		SolutionGuid = {13497924-8D4F-452D-8519-9D68B8C82717}
	EndGlobalSection
EndGlobal
